
Microsoft Visual Studio Solution File, Format Version 12.00
# Visual Studio 15
VisualStudioVersion = 15.0.28010.2026
MinimumVisualStudioVersion = 10.0.40219.1
Project("{FAE04EC0-301F-11D3-BF4B-00C04F79EFBC}") = "FCIIN5_Beadando", "FCIIN5_Beadando\FCIIN5_Beadando.csproj", "{A423E28F-B24C-4396-BC3F-8305BFB1DE42}"
EndProject
Global
	GlobalSection(SolutionConfigurationPlatforms) = preSolution
		Debug|Any CPU = Debug|Any CPU
		Release|Any CPU = Release|Any CPU
	EndGlobalSection
	GlobalSection(ProjectConfigurationPlatforms) = postSolution
		{A423E28F-B24C-4396-BC3F-8305BFB1DE42}.Debug|Any CPU.ActiveCfg = Debug|Any CPU
		{A423E28F-B24C-4396-BC3F-8305BFB1DE42}.Debug|Any CPU.Build.0 = Debug|Any CPU
		{A423E28F-B24C-4396-BC3F-8305BFB1DE42}.Release|Any CPU.ActiveCfg = Release|Any CPU
		{A423E28F-B24C-4396-BC3F-8305BFB1DE42}.Release|Any CPU.Build.0 = Release|Any CPU
	EndGlobalSection
	GlobalSection(SolutionProperties) = preSolution
		HideSolutionNode = FALSE
	EndGlobalSection
	GlobalSection(ExtensibilityGlobals) = postSolution
		SolutionGuid = {DE8FC7FD-7B2E-41D6-A977-6611660A5016}
	EndGlobalSection
EndGlobal
